
Microsoft Visual Studio Solution File, Format Version 12.00
# Visual Studio Version 17
VisualStudioVersion = 17.2.32616.157
MinimumVisualStudioVersion = 10.0.40219.1
Project("{FAE04EC0-301F-11D3-BF4B-00C04F79EFBC}") = "FileUploadDownload", "FileUploadDownload\FileUploadDownload.csproj", "{3E1B1EC6-22E6-4091-88A8-5EE6F72456A4}"
EndProject
Global
	GlobalSection(SolutionConfigurationPlatforms) = preSolution
		Debug|Any CPU = Debug|Any CPU
		Release|Any CPU = Release|Any CPU
	EndGlobalSection
	GlobalSection(ProjectConfigurationPlatforms) = postSolution
		{3E1B1EC6-22E6-4091-88A8-5EE6F72456A4}.Debug|Any CPU.ActiveCfg = Debug|Any CPU
		{3E1B1EC6-22E6-4091-88A8-5EE6F72456A4}.Debug|Any CPU.Build.0 = Debug|Any CPU
		{3E1B1EC6-22E6-4091-88A8-5EE6F72456A4}.Release|Any CPU.ActiveCfg = Release|Any CPU
		{3E1B1EC6-22E6-4091-88A8-5EE6F72456A4}.Release|Any CPU.Build.0 = Release|Any CPU
	EndGlobalSection
	GlobalSection(SolutionProperties) = preSolution
		HideSolutionNode = FALSE
	EndGlobalSection
	GlobalSection(ExtensibilityGlobals) = postSolution
		SolutionGuid = {B165CA5F-766F-4C29-9D69-72E89BC8B998}
	EndGlobalSection
EndGlobal
